
Microsoft Visual Studio Solution File, Format Version 12.00
# Visual Studio Version 17
VisualStudioVersion = 17.8.34511.84
MinimumVisualStudioVersion = 10.0.40219.1
Project("{FAE04EC0-301F-11D3-BF4B-00C04F79EFBC}") = "QUANLYGOM", "QUANLYGOM\QUANLYGOM.csproj", "{70E81994-FD38-4D80-A5E0-8C0702ED3311}"
EndProject
Global
	GlobalSection(SolutionConfigurationPlatforms) = preSolution
		Debug|Any CPU = Debug|Any CPU
		Release|Any CPU = Release|Any CPU
	EndGlobalSection
	GlobalSection(ProjectConfigurationPlatforms) = postSolution
		{70E81994-FD38-4D80-A5E0-8C0702ED3311}.Debug|Any CPU.ActiveCfg = Debug|Any CPU
		{70E81994-FD38-4D80-A5E0-8C0702ED3311}.Debug|Any CPU.Build.0 = Debug|Any CPU
		{70E81994-FD38-4D80-A5E0-8C0702ED3311}.Release|Any CPU.ActiveCfg = Release|Any CPU
		{70E81994-FD38-4D80-A5E0-8C0702ED3311}.Release|Any CPU.Build.0 = Release|Any CPU
	EndGlobalSection
	GlobalSection(SolutionProperties) = preSolution
		HideSolutionNode = FALSE
	EndGlobalSection
	GlobalSection(ExtensibilityGlobals) = postSolution
		SolutionGuid = {1267C926-F5E0-4E8E-AA0D-22C143CF834A}
	EndGlobalSection
EndGlobal
